<?xml version="1.0" encoding="utf-8"?>
<Project ToolsVersion="4.0" xmlns="http://schemas.microsoft.com/developer/msbuild/2003">
  <ItemGroup>
    <Filter Include="Source Files">
      <UniqueIdentifier>{4FC737F1-C7A5-4376-A066-2A32D752A2FF}</UniqueIdentifier>
      <Extensions>cpp;c;cc;cxx;c++;cppm;ixx;def;odl;idl;hpj;bat;asm;asmx</Extensions>
    </Filter>
    <Filter Include="Header Files">
      <UniqueIdentifier>{93995380-89BD-4b04-88EB-625FBE52EBFB}</UniqueIdentifier>
      <Extensions>h;hh;hpp;hxx;h++;hm;inl;inc;ipp;xsd</Extensions>
    </Filter>
    <Filter Include="Resource Files">
      <UniqueIdentifier>{67DA6AB6-F800-4c08-8B7A-83BB121AAD01}</UniqueIdentifier>
      <Extensions>rc;ico;cur;bmp;dlg;rc2;rct;bin;rgs;gif;jpg;jpeg;jpe;resx;tiff;tif;png;wav;mfcribbon-ms</Extensions>
    </Filter>
    <Filter Include="Source Files\Utils">
      <UniqueIdentifier>{579fbe55-b0b5-4ed7-818a-797448fab02c}</UniqueIdentifier>
    </Filter>
    <Filter Include="Source Files\Utils\Random">
      <UniqueIdentifier>{bde676c0-b8a2-4436-a611-995cd691fcd5}</UniqueIdentifier>
    </Filter>
    <Filter Include="Header Files\Utils">
      <UniqueIdentifier>{31d2b06e-111e-4575-bca0-2302971f7854}</UniqueIdentifier>
    </Filter>
    <Filter Include="Header Files\Utils\Random">
      <UniqueIdentifier>{e6611640-f648-4e18-92af-6469ebf0705d}</UniqueIdentifier>
    </Filter>
    <Filter Include="Header Files\Utils\Render">
      <UniqueIdentifier>{da349572-aaa3-4d8c-a61c-c094db675ef2}</UniqueIdentifier>
    </Filter>
    <Filter Include="Source Files\Utils\Render">
      <UniqueIdentifier>{8056e3a3-887f-43f7-b9f8-5aaa0bdb5015}</UniqueIdentifier>
    </Filter>
  </ItemGroup>
  <ItemGroup>
    <ClCompile Include="main.cpp">
      <Filter>Source Files</Filter>
    </ClCompile>
    <ClCompile Include="XorShifter.cpp">
      <Filter>Source Files\Utils\Random</Filter>
    </ClCompile>
    <ClCompile Include="SimplexNoise.cpp">
      <Filter>Source Files\Utils\Random</Filter>
    </ClCompile>
    <ClCompile Include="Screen.cpp">
      <Filter>Source Files\Utils\Render</Filter>
    </ClCompile>
  </ItemGroup>
  <ItemGroup>
    <ClInclude Include="XorShifter.h">
      <Filter>Header Files\Utils\Random</Filter>
    </ClInclude>
    <ClInclude Include="SimplexNoise.h">
      <Filter>Header Files\Utils\Random</Filter>
    </ClInclude>
    <ClInclude Include="Screen.h">
      <Filter>Header Files\Utils\Render</Filter>
    </ClInclude>
    <ClInclude Include="Image.h">
      <Filter>Header Files\Utils\Render</Filter>
    </ClInclude>
  </ItemGroup>
</Project>